
Microsoft Visual Studio Solution File, Format Version 12.00
# Visual Studio Version 16
VisualStudioVersion = 16.0.32407.337
MinimumVisualStudioVersion = 10.0.40219.1
Project("{8BC9CEB8-8B4A-11D0-8D11-00A0C91BC942}") = "ObjectFunctionAdapter", "ObjectFunctionAdapter\ObjectFunctionAdapter.vcxproj", "{D6C5E47F-969D-418B-900E-B5976FFA4869}"
EndProject
Global
	GlobalSection(SolutionConfigurationPlatforms) = preSolution
		Debug|x64 = Debug|x64
		Debug|x86 = Debug|x86
		Release|x64 = Release|x64
		Release|x86 = Release|x86
	EndGlobalSection
	GlobalSection(ProjectConfigurationPlatforms) = postSolution
		{D6C5E47F-969D-418B-900E-B5976FFA4869}.Debug|x64.ActiveCfg = Debug|x64
		{D6C5E47F-969D-418B-900E-B5976FFA4869}.Debug|x64.Build.0 = Debug|x64
		{D6C5E47F-969D-418B-900E-B5976FFA4869}.Debug|x86.ActiveCfg = Debug|Win32
		{D6C5E47F-969D-418B-900E-B5976FFA4869}.Debug|x86.Build.0 = Debug|Win32
		{D6C5E47F-969D-418B-900E-B5976FFA4869}.Release|x64.ActiveCfg = Release|x64
		{D6C5E47F-969D-418B-900E-B5976FFA4869}.Release|x64.Build.0 = Release|x64
		{D6C5E47F-969D-418B-900E-B5976FFA4869}.Release|x86.ActiveCfg = Release|Win32
		{D6C5E47F-969D-418B-900E-B5976FFA4869}.Release|x86.Build.0 = Release|Win32
	EndGlobalSection
	GlobalSection(SolutionProperties) = preSolution
		HideSolutionNode = FALSE
	EndGlobalSection
	GlobalSection(ExtensibilityGlobals) = postSolution
		SolutionGuid = {73DF3982-F404-4F0C-ABB4-320F58B89845}
	EndGlobalSection
EndGlobal
